{
  "name": "HourGlass",
  "version": "0.1.0",
  "lockfileVersion": 1,
  "requires": true,
  "dependencies": {
    "dotenv-safe": {
      "version": "6.0.0",
      "resolved": "https://registry.npmjs.org/dotenv-safe/-/dotenv-safe-6.0.0.tgz",
      "integrity": "sha512-mYSw35oDucjhRiM/nwV+bNKg+Re5W9uLR1bJIxqijlMCd8qkgRYppMxrAINDZvZLb36YnHF08s4bw6+0jR+mfw==",
      "requires": {
        "dotenv": "6.0.0"
      },
      "dependencies": {
        "dotenv": {
          "version": "6.0.0",
          "resolved": "https://registry.npmjs.org/dotenv/-/dotenv-6.0.0.tgz",
          "integrity": "sha512-FlWbnhgjtwD+uNLUGHbMykMOYQaTivdHEmYwAKFjn6GKe/CqY0fNae93ZHTd20snh9ZLr8mTzIL9m0APQ1pjQg=="
        }
      }
    }
  }
}
